
Microsoft Visual Studio Solution File, Format Version 12.00
# Visual Studio Version 16
VisualStudioVersion = 16.0.31613.86
MinimumVisualStudioVersion = 10.0.40219.1
Project("{FAE04EC0-301F-11D3-BF4B-00C04F79EFBC}") = "AliPurchase", "AliPurchase\AliPurchase.csproj", "{99FB96F8-0C4A-4612-8251-9E9C6DCD1D64}"
EndProject
Global
	GlobalSection(SolutionConfigurationPlatforms) = preSolution
		Debug|Any CPU = Debug|Any CPU
		Release|Any CPU = Release|Any CPU
	EndGlobalSection
	GlobalSection(ProjectConfigurationPlatforms) = postSolution
		{99FB96F8-0C4A-4612-8251-9E9C6DCD1D64}.Debug|Any CPU.ActiveCfg = Debug|Any CPU
		{99FB96F8-0C4A-4612-8251-9E9C6DCD1D64}.Debug|Any CPU.Build.0 = Debug|Any CPU
		{99FB96F8-0C4A-4612-8251-9E9C6DCD1D64}.Release|Any CPU.ActiveCfg = Release|Any CPU
		{99FB96F8-0C4A-4612-8251-9E9C6DCD1D64}.Release|Any CPU.Build.0 = Release|Any CPU
	EndGlobalSection
	GlobalSection(SolutionProperties) = preSolution
		HideSolutionNode = FALSE
	EndGlobalSection
	GlobalSection(ExtensibilityGlobals) = postSolution
		SolutionGuid = {8D7B8B50-C9B4-4F14-98C3-A165D5BDADD6}
	EndGlobalSection
EndGlobal
